
Microsoft Visual Studio Solution File, Format Version 12.00
# Visual Studio 14
VisualStudioVersion = 14.0.25420.1
MinimumVisualStudioVersion = 10.0.40219.1
Project("{FAE04EC0-301F-11D3-BF4B-00C04F79EFBC}") = "CodeChefSolver", "CodeChefSolver\CodeChefSolver.csproj", "{9B047326-503A-45A2-95E3-70509A05CADD}"
EndProject
Project("{FAE04EC0-301F-11D3-BF4B-00C04F79EFBC}") = "HackerEarthSolver", "HackerEarthSolver\HackerEarthSolver.csproj", "{50892286-D48E-4EA0-BA03-D70C9AA1198F}"
EndProject
Project("{FAE04EC0-301F-11D3-BF4B-00C04F79EFBC}") = "ProgrammingChallengeSolver.Tests", "ProgrammingChallengeSolver.Tests\ProgrammingChallengeSolver.Tests.csproj", "{B91E0E7C-B889-46C6-BC66-25864517EB42}"
EndProject
Global
	GlobalSection(SolutionConfigurationPlatforms) = preSolution
		Debug|Any CPU = Debug|Any CPU
		Release|Any CPU = Release|Any CPU
	EndGlobalSection
	GlobalSection(ProjectConfigurationPlatforms) = postSolution
		{9B047326-503A-45A2-95E3-70509A05CADD}.Debug|Any CPU.ActiveCfg = Debug|Any CPU
		{9B047326-503A-45A2-95E3-70509A05CADD}.Debug|Any CPU.Build.0 = Debug|Any CPU
		{9B047326-503A-45A2-95E3-70509A05CADD}.Release|Any CPU.ActiveCfg = Release|Any CPU
		{9B047326-503A-45A2-95E3-70509A05CADD}.Release|Any CPU.Build.0 = Release|Any CPU
		{50892286-D48E-4EA0-BA03-D70C9AA1198F}.Debug|Any CPU.ActiveCfg = Debug|Any CPU
		{50892286-D48E-4EA0-BA03-D70C9AA1198F}.Debug|Any CPU.Build.0 = Debug|Any CPU
		{50892286-D48E-4EA0-BA03-D70C9AA1198F}.Release|Any CPU.ActiveCfg = Release|Any CPU
		{50892286-D48E-4EA0-BA03-D70C9AA1198F}.Release|Any CPU.Build.0 = Release|Any CPU
		{B91E0E7C-B889-46C6-BC66-25864517EB42}.Debug|Any CPU.ActiveCfg = Debug|Any CPU
		{B91E0E7C-B889-46C6-BC66-25864517EB42}.Debug|Any CPU.Build.0 = Debug|Any CPU
		{B91E0E7C-B889-46C6-BC66-25864517EB42}.Release|Any CPU.ActiveCfg = Release|Any CPU
		{B91E0E7C-B889-46C6-BC66-25864517EB42}.Release|Any CPU.Build.0 = Release|Any CPU
	EndGlobalSection
	GlobalSection(SolutionProperties) = preSolution
		HideSolutionNode = FALSE
	EndGlobalSection
EndGlobal
